
Microsoft Visual Studio Solution File, Format Version 12.00
# Visual Studio Version 17
VisualStudioVersion = 17.0.31919.166
MinimumVisualStudioVersion = 10.0.40219.1
Project("{9A19103F-16F7-4668-BE54-9A1E7A4F7556}") = "MicServiceWebApi", "MicServiceWebApi\MicServiceWebApi.csproj", "{F7EFD51D-507B-4EB4-BA80-5D2EC7157EFA}"
EndProject
Project("{9A19103F-16F7-4668-BE54-9A1E7A4F7556}") = "OcelotGateway", "OcelotGateway\OcelotGateway.csproj", "{82E0233A-FCD9-4B87-B67B-3EB0A0038627}"
EndProject
Project("{9A19103F-16F7-4668-BE54-9A1E7A4F7556}") = "AuthenticationCenter", "AuthenticationCenter\AuthenticationCenter.csproj", "{C3EE305C-056A-49BA-90E0-54EC29608549}"
EndProject
Global
	GlobalSection(SolutionConfigurationPlatforms) = preSolution
		Debug|Any CPU = Debug|Any CPU
		Release|Any CPU = Release|Any CPU
	EndGlobalSection
	GlobalSection(ProjectConfigurationPlatforms) = postSolution
		{F7EFD51D-507B-4EB4-BA80-5D2EC7157EFA}.Debug|Any CPU.ActiveCfg = Debug|Any CPU
		{F7EFD51D-507B-4EB4-BA80-5D2EC7157EFA}.Debug|Any CPU.Build.0 = Debug|Any CPU
		{F7EFD51D-507B-4EB4-BA80-5D2EC7157EFA}.Release|Any CPU.ActiveCfg = Release|Any CPU
		{F7EFD51D-507B-4EB4-BA80-5D2EC7157EFA}.Release|Any CPU.Build.0 = Release|Any CPU
		{82E0233A-FCD9-4B87-B67B-3EB0A0038627}.Debug|Any CPU.ActiveCfg = Debug|Any CPU
		{82E0233A-FCD9-4B87-B67B-3EB0A0038627}.Debug|Any CPU.Build.0 = Debug|Any CPU
		{82E0233A-FCD9-4B87-B67B-3EB0A0038627}.Release|Any CPU.ActiveCfg = Release|Any CPU
		{82E0233A-FCD9-4B87-B67B-3EB0A0038627}.Release|Any CPU.Build.0 = Release|Any CPU
		{C3EE305C-056A-49BA-90E0-54EC29608549}.Debug|Any CPU.ActiveCfg = Debug|Any CPU
		{C3EE305C-056A-49BA-90E0-54EC29608549}.Debug|Any CPU.Build.0 = Debug|Any CPU
		{C3EE305C-056A-49BA-90E0-54EC29608549}.Release|Any CPU.ActiveCfg = Release|Any CPU
		{C3EE305C-056A-49BA-90E0-54EC29608549}.Release|Any CPU.Build.0 = Release|Any CPU
	EndGlobalSection
	GlobalSection(SolutionProperties) = preSolution
		HideSolutionNode = FALSE
	EndGlobalSection
	GlobalSection(ExtensibilityGlobals) = postSolution
		SolutionGuid = {41F0BB63-BFAE-4E24-9242-8153C35DB9D1}
	EndGlobalSection
EndGlobal
